
Microsoft Visual Studio Solution File, Format Version 12.00
Project("{FAE04EC0-301F-11D3-BF4B-00C04F79EFBC}") = "Bmp2JpgWpfDemo", "Bmp2JpgWpfDemo\Bmp2JpgWpfDemo.csproj", "{5C2C1913-F831-477E-9568-5B3B1CF6C8C0}"
EndProject
Global
	GlobalSection(SolutionConfigurationPlatforms) = preSolution
		Debug|Any CPU = Debug|Any CPU
		Release|Any CPU = Release|Any CPU
	EndGlobalSection
	GlobalSection(ProjectConfigurationPlatforms) = postSolution
		{5C2C1913-F831-477E-9568-5B3B1CF6C8C0}.Debug|Any CPU.ActiveCfg = Debug|Any CPU
		{5C2C1913-F831-477E-9568-5B3B1CF6C8C0}.Debug|Any CPU.Build.0 = Debug|Any CPU
		{5C2C1913-F831-477E-9568-5B3B1CF6C8C0}.Release|Any CPU.ActiveCfg = Release|Any CPU
		{5C2C1913-F831-477E-9568-5B3B1CF6C8C0}.Release|Any CPU.Build.0 = Release|Any CPU
	EndGlobalSection
EndGlobal
